// !$*UTF8*$!
{
	archiveVersion = 1;
	classes = {
	};
	objectVersion = 55;
	objects = {

/* Begin PBXBuildFile section */
		A3FA421427B5C3B700ADDF0F /* Tests_iOS.swift in Sources */ = {isa = PBXBuildFile; fileRef = A3FA421327B5C3B700ADDF0F /* Tests_iOS.swift */; };
		A3FA421627B5C3B700ADDF0F /* Tests_iOSLaunchTests.swift in Sources */ = {isa = PBXBuildFile; fileRef = A3FA421527B5C3B700ADDF0F /* Tests_iOSLaunchTests.swift */; };
		A3FA422027B5C3B700ADDF0F /* Tests_macOS.swift in Sources */ = {isa = PBXBuildFile; fileRef = A3FA421F27B5C3B700ADDF0F /* Tests_macOS.swift */; };
		A3FA422227B5C3B700ADDF0F /* Tests_macOSLaunchTests.swift in Sources */ = {isa = PBXBuildFile; fileRef = A3FA422127B5C3B700ADDF0F /* Tests_macOSLaunchTests.swift */; };
		A3FA422327B5C3B700ADDF0F /* Shielding_SimulationApp.swift in Sources */ = {isa = PBXBuildFile; fileRef = A3FA41FB27B5C3B400ADDF0F /* Shielding_SimulationApp.swift */; };
		A3FA422427B5C3B700ADDF0F /* Shielding_SimulationApp.swift in Sources */ = {isa = PBXBuildFile; fileRef = A3FA41FB27B5C3B400ADDF0F /* Shielding_SimulationApp.swift */; };
		A3FA422527B5C3B700ADDF0F /* ContentView.swift in Sources */ = {isa = PBXBuildFile; fileRef = A3FA41FC27B5C3B400ADDF0F /* ContentView.swift */; };
		A3FA422627B5C3B700ADDF0F /* ContentView.swift in Sources */ = {isa = PBXBuildFile; fileRef = A3FA41FC27B5C3B400ADDF0F /* ContentView.swift */; };
		A3FA422727B5C3B700ADDF0F /* Assets.xcassets in Resources */ = {isa = PBXBuildFile; fileRef = A3FA41FD27B5C3B700ADDF0F /* Assets.xcassets */; };
		A3FA422827B5C3B700ADDF0F /* Assets.xcassets in Resources */ = {isa = PBXBuildFile; fileRef = A3FA41FD27B5C3B700ADDF0F /* Assets.xcassets */; };
		A3FA423827B5C78300ADDF0F /* NeutronClass.swift in Sources */ = {isa = PBXBuildFile; fileRef = A3FA423727B5C78200ADDF0F /* NeutronClass.swift */; };
		A3FA423927B5C78300ADDF0F /* NeutronClass.swift in Sources */ = {isa = PBXBuildFile; fileRef = A3FA423727B5C78200ADDF0F /* NeutronClass.swift */; };
		A3FA423B27B5C79B00ADDF0F /* RandomWalk.swift in Sources */ = {isa = PBXBuildFile; fileRef = A3FA423A27B5C79B00ADDF0F /* RandomWalk.swift */; };
		A3FA423C27B5C79B00ADDF0F /* RandomWalk.swift in Sources */ = {isa = PBXBuildFile; fileRef = A3FA423A27B5C79B00ADDF0F /* RandomWalk.swift */; };
/* End PBXBuildFile section */

/* Begin PBXContainerItemProxy section */
		A3FA421027B5C3B700ADDF0F /* PBXContainerItemProxy */ = {
			isa = PBXContainerItemProxy;
			containerPortal = A3FA41F627B5C3B300ADDF0F /* Project object */;
			proxyType = 1;
			remoteGlobalIDString = A3FA420127B5C3B700ADDF0F;
			remoteInfo = "Shielding Simulation (iOS)";
		};
		A3FA421C27B5C3B700ADDF0F /* PBXContainerItemProxy */ = {
			isa = PBXContainerItemProxy;
			containerPortal = A3FA41F627B5C3B300ADDF0F /* Project object */;
			proxyType = 1;
			remoteGlobalIDString = A3FA420727B5C3B700ADDF0F;
			remoteInfo = "Shielding Simulation (macOS)";
		};
/* End PBXContainerItemProxy section */

/* Begin PBXFileReference section */
		A3FA41FB27B5C3B400ADDF0F /* Shielding_SimulationApp.swift */ = {isa = PBXFileReference; lastKnownFileType = sourcecode.swift; path = Shielding_SimulationApp.swift; sourceTree = "<group>"; };
		A3FA41FC27B5C3B400ADDF0F /* ContentView.swift */ = {isa = PBXFileReference; lastKnownFileType = sourcecode.swift; path = ContentView.swift; sourceTree = "<group>"; };
		A3FA41FD27B5C3B700ADDF0F /* Assets.xcassets */ = {isa = PBXFileReference; lastKnownFileType = folder.assetcatalog; path = Assets.xcassets; sourceTree = "<group>"; };
		A3FA420227B5C3B700ADDF0F /* Shielding Simulation.app */ = {isa = PBXFileReference; explicitFileType = wrapper.application; includeInIndex = 0; path = "Shielding Simulation.app"; sourceTree = BUILT_PRODUCTS_DIR; };
		A3FA420827B5C3B700ADDF0F /* Shielding Simulation.app */ = {isa = PBXFileReference; explicitFileType = wrapper.application; includeInIndex = 0; path = "Shielding Simulation.app"; sourceTree = BUILT_PRODUCTS_DIR; };
		A3FA420A27B5C3B700ADDF0F /* macOS.entitlements */ = {isa = PBXFileReference; lastKnownFileType = text.plist.entitlements; path = macOS.entitlements; sourceTree = "<group>"; };
		A3FA420F27B5C3B700ADDF0F /* Tests iOS.xctest */ = {isa = PBXFileReference; explicitFileType = wrapper.cfbundle; includeInIndex = 0; path = "Tests iOS.xctest"; sourceTree = BUILT_PRODUCTS_DIR; };
		A3FA421327B5C3B700ADDF0F /* Tests_iOS.swift */ = {isa = PBXFileReference; lastKnownFileType = sourcecode.swift; path = Tests_iOS.swift; sourceTree = "<group>"; };
		A3FA421527B5C3B700ADDF0F /* Tests_iOSLaunchTests.swift */ = {isa = PBXFileReference; lastKnownFileType = sourcecode.swift; path = Tests_iOSLaunchTests.swift; sourceTree = "<group>"; };
		A3FA421B27B5C3B700ADDF0F /* Tests macOS.xctest */ = {isa = PBXFileReference; explicitFileType = wrapper.cfbundle; includeInIndex = 0; path = "Tests macOS.xctest"; sourceTree = BUILT_PRODUCTS_DIR; };
		A3FA421F27B5C3B700ADDF0F /* Tests_macOS.swift */ = {isa = PBXFileReference; lastKnownFileType = sourcecode.swift; path = Tests_macOS.swift; sourceTree = "<group>"; };
		A3FA422127B5C3B700ADDF0F /* Tests_macOSLaunchTests.swift */ = {isa = PBXFileReference; lastKnownFileType = sourcecode.swift; path = Tests_macOSLaunchTests.swift; sourceTree = "<group>"; };
		A3FA423727B5C78200ADDF0F /* NeutronClass.swift */ = {isa = PBXFileReference; lastKnownFileType = sourcecode.swift; path = NeutronClass.swift; sourceTree = "<group>"; };
		A3FA423A27B5C79B00ADDF0F /* RandomWalk.swift */ = {isa = PBXFileReference; lastKnownFileType = sourcecode.swift; path = RandomWalk.swift; sourceTree = "<group>"; };
/* End PBXFileReference section */

/* Begin PBXFrameworksBuildPhase section */
		A3FA41FF27B5C3B700ADDF0F /* Frameworks */ = {
			isa = PBXFrameworksBuildPhase;
			buildActionMask = 2147483647;
			files = (
			);
			runOnlyForDeploymentPostprocessing = 0;
		};
		A3FA420527B5C3B700ADDF0F /* Frameworks */ = {
			isa = PBXFrameworksBuildPhase;
			buildActionMask = 2147483647;
			files = (
			);
			runOnlyForDeploymentPostprocessing = 0;
		};
		A3FA420C27B5C3B700ADDF0F /* Frameworks */ = {
			isa = PBXFrameworksBuildPhase;
			buildActionMask = 2147483647;
			files = (
			);
			runOnlyForDeploymentPostprocessing = 0;
		};
		A3FA421827B5C3B700ADDF0F /* Frameworks */ = {
			isa = PBXFrameworksBuildPhase;
			buildActionMask = 2147483647;
			files = (
			);
			runOnlyForDeploymentPostprocessing = 0;
		};
/* End PBXFrameworksBuildPhase section */

/* Begin PBXGroup section */
		A3FA41F527B5C3B300ADDF0F = {
			isa = PBXGroup;
			children = (
				A3FA41FA27B5C3B400ADDF0F /* Shared */,
				A3FA420927B5C3B700ADDF0F /* macOS */,
				A3FA421227B5C3B700ADDF0F /* Tests iOS */,
				A3FA421E27B5C3B700ADDF0F /* Tests macOS */,
				A3FA420327B5C3B700ADDF0F /* Products */,
			);
			sourceTree = "<group>";
		};
		A3FA41FA27B5C3B400ADDF0F /* Shared */ = {
			isa = PBXGroup;
			children = (
				A3FA41FB27B5C3B400ADDF0F /* Shielding_SimulationApp.swift */,
				A3FA41FC27B5C3B400ADDF0F /* ContentView.swift */,
				A3FA423727B5C78200ADDF0F /* NeutronClass.swift */,
				A3FA423A27B5C79B00ADDF0F /* RandomWalk.swift */,
				A3FA41FD27B5C3B700ADDF0F /* Assets.xcassets */,
			);
			path = Shared;
			sourceTree = "<group>";
		};
		A3FA420327B5C3B700ADDF0F /* Products */ = {
			isa = PBXGroup;
			children = (
				A3FA420227B5C3B700ADDF0F /* Shielding Simulation.app */,
				A3FA420827B5C3B700ADDF0F /* Shielding Simulation.app */,
				A3FA420F27B5C3B700ADDF0F /* Tests iOS.xctest */,
				A3FA421B27B5C3B700ADDF0F /* Tests macOS.xctest */,
			);
			name = Products;
			sourceTree = "<group>";
		};
		A3FA420927B5C3B700ADDF0F /* macOS */ = {
			isa = PBXGroup;
			children = (
				A3FA420A27B5C3B700ADDF0F /* macOS.entitlements */,
			);
			path = macOS;
			sourceTree = "<group>";
		};
		A3FA421227B5C3B700ADDF0F /* Tests iOS */ = {
			isa = PBXGroup;
			children = (
				A3FA421327B5C3B700ADDF0F /* Tests_iOS.swift */,
				A3FA421527B5C3B700ADDF0F /* Tests_iOSLaunchTests.swift */,
			);
			path = "Tests iOS";
			sourceTree = "<group>";
		};
		A3FA421E27B5C3B700ADDF0F /* Tests macOS */ = {
			isa = PBXGroup;
			children = (
				A3FA421F27B5C3B700ADDF0F /* Tests_macOS.swift */,
				A3FA422127B5C3B700ADDF0F /* Tests_macOSLaunchTests.swift */,
			);
			path = "Tests macOS";
			sourceTree = "<group>";
		};
/* End PBXGroup section */

/* Begin PBXNativeTarget section */
		A3FA420127B5C3B700ADDF0F /* Shielding Simulation (iOS) */ = {
			isa = PBXNativeTarget;
			buildConfigurationList = A3FA422B27B5C3B700ADDF0F /* Build configuration list for PBXNativeTarget "Shielding Simulation (iOS)" */;
			buildPhases = (
				A3FA41FE27B5C3B700ADDF0F /* Sources */,
				A3FA41FF27B5C3B700ADDF0F /* Frameworks */,
				A3FA420027B5C3B700ADDF0F /* Resources */,
			);
			buildRules = (
			);
			dependencies = (
			);
			name = "Shielding Simulation (iOS)";
			productName = "Shielding Simulation (iOS)";
			productReference = A3FA420227B5C3B700ADDF0F /* Shielding Simulation.app */;
			productType = "com.apple.product-type.application";
		};
		A3FA420727B5C3B700ADDF0F /* Shielding Simulation (macOS) */ = {
			isa = PBXNativeTarget;
			buildConfigurationList = A3FA422E27B5C3B700ADDF0F /* Build configuration list for PBXNativeTarget "Shielding Simulation (macOS)" */;
			buildPhases = (
				A3FA420427B5C3B700ADDF0F /* Sources */,
				A3FA420527B5C3B700ADDF0F /* Frameworks */,
				A3FA420627B5C3B700ADDF0F /* Resources */,
			);
			buildRules = (
			);
			dependencies = (
			);
			name = "Shielding Simulation (macOS)";
			productName = "Shielding Simulation (macOS)";
			productReference = A3FA420827B5C3B700ADDF0F /* Shielding Simulation.app */;
			productType = "com.apple.product-type.application";
		};
		A3FA420E27B5C3B700ADDF0F /* Tests iOS */ = {
			isa = PBXNativeTarget;
			buildConfigurationList = A3FA423127B5C3B700ADDF0F /* Build configuration list for PBXNativeTarget "Tests iOS" */;
			buildPhases = (
				A3FA420B27B5C3B700ADDF0F /* Sources */,
				A3FA420C27B5C3B700ADDF0F /* Frameworks */,
				A3FA420D27B5C3B700ADDF0F /* Resources */,
			);
			buildRules = (
			);
			dependencies = (
				A3FA421127B5C3B700ADDF0F /* PBXTargetDependency */,
			);
			name = "Tests iOS";
			productName = "Tests iOS";
			productReference = A3FA420F27B5C3B700ADDF0F /* Tests iOS.xctest */;
			productType = "com.apple.product-type.bundle.ui-testing";
		};
		A3FA421A27B5C3B700ADDF0F /* Tests macOS */ = {
			isa = PBXNativeTarget;
			buildConfigurationList = A3FA423427B5C3B700ADDF0F /* Build configuration list for PBXNativeTarget "Tests macOS" */;
			buildPhases = (
				A3FA421727B5C3B700ADDF0F /* Sources */,
				A3FA421827B5C3B700ADDF0F /* Frameworks */,
				A3FA421927B5C3B700ADDF0F /* Resources */,
			);
			buildRules = (
			);
			dependencies = (
				A3FA421D27B5C3B700ADDF0F /* PBXTargetDependency */,
			);
			name = "Tests macOS";
			productName = "Tests macOS";
			productReference = A3FA421B27B5C3B700ADDF0F /* Tests macOS.xctest */;
			productType = "com.apple.product-type.bundle.ui-testing";
		};
/* End PBXNativeTarget section */

/* Begin PBXProject section */
		A3FA41F627B5C3B300ADDF0F /* Project object */ = {
			isa = PBXProject;
			attributes = {
				BuildIndependentTargetsInParallel = 1;
				LastSwiftUpdateCheck = 1320;
				LastUpgradeCheck = 1320;
				TargetAttributes = {
					A3FA420127B5C3B700ADDF0F = {
						CreatedOnToolsVersion = 13.2.1;
					};
					A3FA420727B5C3B700ADDF0F = {
						CreatedOnToolsVersion = 13.2.1;
					};
					A3FA420E27B5C3B700ADDF0F = {
						CreatedOnToolsVersion = 13.2.1;
						TestTargetID = A3FA420127B5C3B700ADDF0F;
					};
					A3FA421A27B5C3B700ADDF0F = {
						CreatedOnToolsVersion = 13.2.1;
						TestTargetID = A3FA420727B5C3B700ADDF0F;
					};
				};
			};
			buildConfigurationList = A3FA41F927B5C3B300ADDF0F /* Build configuration list for PBXProject "Shielding Simulation" */;
			compatibilityVersion = "Xcode 13.0";
			developmentRegion = en;
			hasScannedForEncodings = 0;
			knownRegions = (
				en,
				Base,
			);
			mainGroup = A3FA41F527B5C3B300ADDF0F;
			productRefGroup = A3FA420327B5C3B700ADDF0F /* Products */;
			projectDirPath = "";
			projectRoot = "";
			targets = (
				A3FA420127B5C3B700ADDF0F /* Shielding Simulation (iOS) */,
				A3FA420727B5C3B700ADDF0F /* Shielding Simulation (macOS) */,
				A3FA420E27B5C3B700ADDF0F /* Tests iOS */,
				A3FA421A27B5C3B700ADDF0F /* Tests macOS */,
			);
		};
/* End PBXProject section */

/* Begin PBXResourcesBuildPhase section */
		A3FA420027B5C3B700ADDF0F /* Resources */ = {
			isa = PBXResourcesBuildPhase;
			buildActionMask = 2147483647;
			files = (
				A3FA422727B5C3B700ADDF0F /* Assets.xcassets in Resources */,
			);
			runOnlyForDeploymentPostprocessing = 0;
		};
		A3FA420627B5C3B700ADDF0F /* Resources */ = {
			isa = PBXResourcesBuildPhase;
			buildActionMask = 2147483647;
			files = (
				A3FA422827B5C3B700ADDF0F /* Assets.xcassets in Resources */,
			);
			runOnlyForDeploymentPostprocessing = 0;
		};
		A3FA420D27B5C3B700ADDF0F /* Resources */ = {
			isa = PBXResourcesBuildPhase;
			buildActionMask = 2147483647;
			files = (
			);
			runOnlyForDeploymentPostprocessing = 0;
		};
		A3FA421927B5C3B700ADDF0F /* Resources */ = {
			isa = PBXResourcesBuildPhase;
			buildActionMask = 2147483647;
			files = (
			);
			runOnlyForDeploymentPostprocessing = 0;
		};
/* End PBXResourcesBuildPhase section */

/* Begin PBXSourcesBuildPhase section */
		A3FA41FE27B5C3B700ADDF0F /* Sources */ = {
			isa = PBXSourcesBuildPhase;
			buildActionMask = 2147483647;
			files = (
				A3FA422527B5C3B700ADDF0F /* ContentView.swift in Sources */,
				A3FA423827B5C78300ADDF0F /* NeutronClass.swift in Sources */,
				A3FA422327B5C3B700ADDF0F /* Shielding_SimulationApp.swift in Sources */,
				A3FA423B27B5C79B00ADDF0F /* RandomWalk.swift in Sources */,
			);
			runOnlyForDeploymentPostprocessing = 0;
		};
		A3FA420427B5C3B700ADDF0F /* Sources */ = {
			isa = PBXSourcesBuildPhase;
			buildActionMask = 2147483647;
			files = (
				A3FA422627B5C3B700ADDF0F /* ContentView.swift in Sources */,
				A3FA423927B5C78300ADDF0F /* NeutronClass.swift in Sources */,
				A3FA422427B5C3B700ADDF0F /* Shielding_SimulationApp.swift in Sources */,
				A3FA423C27B5C79B00ADDF0F /* RandomWalk.swift in Sources */,
			);
			runOnlyForDeploymentPostprocessing = 0;
		};
		A3FA420B27B5C3B700ADDF0F /* Sources */ = {
			isa = PBXSourcesBuildPhase;
			buildActionMask = 2147483647;
			files = (
				A3FA421627B5C3B700ADDF0F /* Tests_iOSLaunchTests.swift in Sources */,
				A3FA421427B5C3B700ADDF0F /* Tests_iOS.swift in Sources */,
			);
			runOnlyForDeploymentPostprocessing = 0;
		};
		A3FA421727B5C3B700ADDF0F /* Sources */ = {
			isa = PBXSourcesBuildPhase;
			buildActionMask = 2147483647;
			files = (
				A3FA422227B5C3B700ADDF0F /* Tests_macOSLaunchTests.swift in Sources */,
				A3FA422027B5C3B700ADDF0F /* Tests_macOS.swift in Sources */,
			);
			runOnlyForDeploymentPostprocessing = 0;
		};
/* End PBXSourcesBuildPhase section */

/* Begin PBXTargetDependency section */
		A3FA421127B5C3B700ADDF0F /* PBXTargetDependency */ = {
			isa = PBXTargetDependency;
			target = A3FA420127B5C3B700ADDF0F /* Shielding Simulation (iOS) */;
			targetProxy = A3FA421027B5C3B700ADDF0F /* PBXContainerItemProxy */;
		};
		A3FA421D27B5C3B700ADDF0F /* PBXTargetDependency */ = {
			isa = PBXTargetDependency;
			target = A3FA420727B5C3B700ADDF0F /* Shielding Simulation (macOS) */;
			targetProxy = A3FA421C27B5C3B700ADDF0F /* PBXContainerItemProxy */;
		};
/* End PBXTargetDependency section */

/* Begin XCBuildConfiguration section */
		A3FA422927B5C3B700ADDF0F /* Debug */ = {
			isa = XCBuildConfiguration;
			buildSettings = {
				ALWAYS_SEARCH_USER_PATHS = NO;
				CLANG_ANALYZER_NONNULL = YES;
				CLANG_ANALYZER_NUMBER_OBJECT_CONVERSION = YES_AGGRESSIVE;
				CLANG_CXX_LANGUAGE_STANDARD = "gnu++17";
				CLANG_CXX_LIBRARY = "libc++";
				CLANG_ENABLE_MODULES = YES;
				CLANG_ENABLE_OBJC_ARC = YES;
				CLANG_ENABLE_OBJC_WEAK = YES;
				CLANG_WARN_BLOCK_CAPTURE_AUTORELEASING = YES;
				CLANG_WARN_BOOL_CONVERSION = YES;
				CLANG_WARN_COMMA = YES;
				CLANG_WARN_CONSTANT_CONVERSION = YES;
				CLANG_WARN_DEPRECATED_OBJC_IMPLEMENTATIONS = YES;
				CLANG_WARN_DIRECT_OBJC_ISA_USAGE = YES_ERROR;
				CLANG_WARN_DOCUMENTATION_COMMENTS = YES;
				CLANG_WARN_EMPTY_BODY = YES;
				CLANG_WARN_ENUM_CONVERSION = YES;
				CLANG_WARN_INFINITE_RECURSION = YES;
				CLANG_WARN_INT_CONVERSION = YES;
				CLANG_WARN_NON_LITERAL_NULL_CONVERSION = YES;
				CLANG_WARN_OBJC_IMPLICIT_RETAIN_SELF = YES;
				CLANG_WARN_OBJC_LITERAL_CONVERSION = YES;
				CLANG_WARN_OBJC_ROOT_CLASS = YES_ERROR;
				CLANG_WARN_QUOTED_INCLUDE_IN_FRAMEWORK_HEADER = YES;
				CLANG_WARN_RANGE_LOOP_ANALYSIS = YES;
				CLANG_WARN_STRICT_PROTOTYPES = YES;
				CLANG_WARN_SUSPICIOUS_MOVE = YES;
				CLANG_WARN_UNGUARDED_AVAILABILITY = YES_AGGRESSIVE;
				CLANG_WARN_UNREACHABLE_CODE = YES;
				CLANG_WARN__DUPLICATE_METHOD_MATCH = YES;
				COPY_PHASE_STRIP = NO;
				DEBUG_INFORMATION_FORMAT = dwarf;
				ENABLE_STRICT_OBJC_MSGSEND = YES;
				ENABLE_TESTABILITY = YES;
				GCC_C_LANGUAGE_STANDARD = gnu11;
				GCC_DYNAMIC_NO_PIC = NO;
				GCC_NO_COMMON_BLOCKS = YES;
				GCC_OPTIMIZATION_LEVEL = 0;
				GCC_PREPROCESSOR_DEFINITIONS = (
					"DEBUG=1",
					"$(inherited)",
				);
				GCC_WARN_64_TO_32_BIT_CONVERSION = YES;
				GCC_WARN_ABOUT_RETURN_TYPE = YES_ERROR;
				GCC_WARN_UNDECLARED_SELECTOR = YES;
				GCC_WARN_UNINITIALIZED_AUTOS = YES_AGGRESSIVE;
				GCC_WARN_UNUSED_FUNCTION = YES;
				GCC_WARN_UNUSED_VARIABLE = YES;
				MTL_ENABLE_DEBUG_INFO = INCLUDE_SOURCE;
				MTL_FAST_MATH = YES;
				ONLY_ACTIVE_ARCH = YES;
				SWIFT_ACTIVE_COMPILATION_CONDITIONS = DEBUG;
				SWIFT_OPTIMIZATION_LEVEL = "-Onone";
			};
			name = Debug;
		};
		A3FA422A27B5C3B700ADDF0F /* Release */ = {
			isa = XCBuildConfiguration;
			buildSettings = {
				ALWAYS_SEARCH_USER_PATHS = NO;
				CLANG_ANALYZER_NONNULL = YES;
				CLANG_ANALYZER_NUMBER_OBJECT_CONVERSION = YES_AGGRESSIVE;
				CLANG_CXX_LANGUAGE_STANDARD = "gnu++17";
				CLANG_CXX_LIBRARY = "libc++";
				CLANG_ENABLE_MODULES = YES;
				CLANG_ENABLE_OBJC_ARC = YES;
				CLANG_ENABLE_OBJC_WEAK = YES;
				CLANG_WARN_BLOCK_CAPTURE_AUTORELEASING = YES;
				CLANG_WARN_BOOL_CONVERSION = YES;
				CLANG_WARN_COMMA = YES;
				CLANG_WARN_CONSTANT_CONVERSION = YES;
				CLANG_WARN_DEPRECATED_OBJC_IMPLEMENTATIONS = YES;
				CLANG_WARN_DIRECT_OBJC_ISA_USAGE = YES_ERROR;
				CLANG_WARN_DOCUMENTATION_COMMENTS = YES;
				CLANG_WARN_EMPTY_BODY = YES;
				CLANG_WARN_ENUM_CONVERSION = YES;
				CLANG_WARN_INFINITE_RECURSION = YES;
				CLANG_WARN_INT_CONVERSION = YES;
				CLANG_WARN_NON_LITERAL_NULL_CONVERSION = YES;
				CLANG_WARN_OBJC_IMPLICIT_RETAIN_SELF = YES;
				CLANG_WARN_OBJC_LITERAL_CONVERSION = YES;
				CLANG_WARN_OBJC_ROOT_CLASS = YES_ERROR;
				CLANG_WARN_QUOTED_INCLUDE_IN_FRAMEWORK_HEADER = YES;
				CLANG_WARN_RANGE_LOOP_ANALYSIS = YES;
				CLANG_WARN_STRICT_PROTOTYPES = YES;
				CLANG_WARN_SUSPICIOUS_MOVE = YES;
				CLANG_WARN_UNGUARDED_AVAILABILITY = YES_AGGRESSIVE;
				CLANG_WARN_UNREACHABLE_CODE = YES;
				CLANG_WARN__DUPLICATE_METHOD_MATCH = YES;
				COPY_PHASE_STRIP = NO;
				DEBUG_INFORMATION_FORMAT = "dwarf-with-dsym";
				ENABLE_NS_ASSERTIONS = NO;
				ENABLE_STRICT_OBJC_MSGSEND = YES;
				GCC_C_LANGUAGE_STANDARD = gnu11;
				GCC_NO_COMMON_BLOCKS = YES;
				GCC_WARN_64_TO_32_BIT_CONVERSION = YES;
				GCC_WARN_ABOUT_RETURN_TYPE = YES_ERROR;
				GCC_WARN_UNDECLARED_SELECTOR = YES;
				GCC_WARN_UNINITIALIZED_AUTOS = YES_AGGRESSIVE;
				GCC_WARN_UNUSED_FUNCTION = YES;
				GCC_WARN_UNUSED_VARIABLE = YES;
				MTL_ENABLE_DEBUG_INFO = NO;
				MTL_FAST_MATH = YES;
				SWIFT_COMPILATION_MODE = wholemodule;
				SWIFT_OPTIMIZATION_LEVEL = "-O";
			};
			name = Release;
		};
		A3FA422C27B5C3B700ADDF0F /* Debug */ = {
			isa = XCBuildConfiguration;
			buildSettings = {
				ASSETCATALOG_COMPILER_APPICON_NAME = AppIcon;
				ASSETCATALOG_COMPILER_GLOBAL_ACCENT_COLOR_NAME = AccentColor;
				CODE_SIGN_STYLE = Automatic;
				CURRENT_PROJECT_VERSION = 1;
				DEVELOPMENT_TEAM = HZ8BHG3P39;
				ENABLE_PREVIEWS = YES;
				GENERATE_INFOPLIST_FILE = YES;
				INFOPLIST_KEY_UIApplicationSceneManifest_Generation = YES;
				INFOPLIST_KEY_UIApplicationSupportsIndirectInputEvents = YES;
				INFOPLIST_KEY_UILaunchScreen_Generation = YES;
				INFOPLIST_KEY_UISupportedInterfaceOrientations_iPad = "UIInterfaceOrientationPortrait UIInterfaceOrientationPortraitUpsideDown UIInterfaceOrientationLandscapeLeft UIInterfaceOrientationLandscapeRight";
				INFOPLIST_KEY_UISupportedInterfaceOrientations_iPhone = "UIInterfaceOrientationPortrait UIInterfaceOrientationLandscapeLeft UIInterfaceOrientationLandscapeRight";
				IPHONEOS_DEPLOYMENT_TARGET = 15.2;
				LD_RUNPATH_SEARCH_PATHS = (
					"$(inherited)",
					"@executable_path/Frameworks",
				);
				MARKETING_VERSION = 1.0;
				PRODUCT_BUNDLE_IDENTIFIER = "IIT-PHYS440.Shielding-Simulation";
				PRODUCT_NAME = "Shielding Simulation";
				SDKROOT = iphoneos;
				SWIFT_EMIT_LOC_STRINGS = YES;
				SWIFT_VERSION = 5.0;
				TARGETED_DEVICE_FAMILY = "1,2";
			};
			name = Debug;
		};
		A3FA422D27B5C3B700ADDF0F /* Release */ = {
			isa = XCBuildConfiguration;
			buildSettings = {
				ASSETCATALOG_COMPILER_APPICON_NAME = AppIcon;
				ASSETCATALOG_COMPILER_GLOBAL_ACCENT_COLOR_NAME = AccentColor;
				CODE_SIGN_STYLE = Automatic;
				CURRENT_PROJECT_VERSION = 1;
				DEVELOPMENT_TEAM = HZ8BHG3P39;
				ENABLE_PREVIEWS = YES;
				GENERATE_INFOPLIST_FILE = YES;
				INFOPLIST_KEY_UIApplicationSceneManifest_Generation = YES;
				INFOPLIST_KEY_UIApplicationSupportsIndirectInputEvents = YES;
				INFOPLIST_KEY_UILaunchScreen_Generation = YES;
				INFOPLIST_KEY_UISupportedInterfaceOrientations_iPad = "UIInterfaceOrientationPortrait UIInterfaceOrientationPortraitUpsideDown UIInterfaceOrientationLandscapeLeft UIInterfaceOrientationLandscapeRight";
				INFOPLIST_KEY_UISupportedInterfaceOrientations_iPhone = "UIInterfaceOrientationPortrait UIInterfaceOrientationLandscapeLeft UIInterfaceOrientationLandscapeRight";
				IPHONEOS_DEPLOYMENT_TARGET = 15.2;
				LD_RUNPATH_SEARCH_PATHS = (
					"$(inherited)",
					"@executable_path/Frameworks",
				);
				MARKETING_VERSION = 1.0;
				PRODUCT_BUNDLE_IDENTIFIER = "IIT-PHYS440.Shielding-Simulation";
				PRODUCT_NAME = "Shielding Simulation";
				SDKROOT = iphoneos;
				SWIFT_EMIT_LOC_STRINGS = YES;
				SWIFT_VERSION = 5.0;
				TARGETED_DEVICE_FAMILY = "1,2";
				VALIDATE_PRODUCT = YES;
			};
			name = Release;
		};
		A3FA422F27B5C3B700ADDF0F /* Debug */ = {
			isa = XCBuildConfiguration;
			buildSettings = {
				ASSETCATALOG_COMPILER_APPICON_NAME = AppIcon;
				ASSETCATALOG_COMPILER_GLOBAL_ACCENT_COLOR_NAME = AccentColor;
				CODE_SIGN_ENTITLEMENTS = macOS/macOS.entitlements;
				CODE_SIGN_STYLE = Automatic;
				COMBINE_HIDPI_IMAGES = YES;
				CURRENT_PROJECT_VERSION = 1;
				DEVELOPMENT_TEAM = HZ8BHG3P39;
				ENABLE_HARDENED_RUNTIME = YES;
				ENABLE_PREVIEWS = YES;
				GENERATE_INFOPLIST_FILE = YES;
				INFOPLIST_KEY_NSHumanReadableCopyright = "";
				LD_RUNPATH_SEARCH_PATHS = (
					"$(inherited)",
					"@executable_path/../Frameworks",
				);
				MACOSX_DEPLOYMENT_TARGET = 12.1;
				MARKETING_VERSION = 1.0;
				PRODUCT_BUNDLE_IDENTIFIER = "IIT-PHYS440.Shielding-Simulation";
				PRODUCT_NAME = "Shielding Simulation";
				SDKROOT = macosx;
				SWIFT_EMIT_LOC_STRINGS = YES;
				SWIFT_VERSION = 5.0;
			};
			name = Debug;
		};
		A3FA423027B5C3B700ADDF0F /* Release */ = {
			isa = XCBuildConfiguration;
			buildSettings = {
				ASSETCATALOG_COMPILER_APPICON_NAME = AppIcon;
				ASSETCATALOG_COMPILER_GLOBAL_ACCENT_COLOR_NAME = AccentColor;
				CODE_SIGN_ENTITLEMENTS = macOS/macOS.entitlements;
				CODE_SIGN_STYLE = Automatic;
				COMBINE_HIDPI_IMAGES = YES;
				CURRENT_PROJECT_VERSION = 1;
				DEVELOPMENT_TEAM = HZ8BHG3P39;
				ENABLE_HARDENED_RUNTIME = YES;
				ENABLE_PREVIEWS = YES;
				GENERATE_INFOPLIST_FILE = YES;
				INFOPLIST_KEY_NSHumanReadableCopyright = "";
				LD_RUNPATH_SEARCH_PATHS = (
					"$(inherited)",
					"@executable_path/../Frameworks",
				);
				MACOSX_DEPLOYMENT_TARGET = 12.1;
				MARKETING_VERSION = 1.0;
				PRODUCT_BUNDLE_IDENTIFIER = "IIT-PHYS440.Shielding-Simulation";
				PRODUCT_NAME = "Shielding Simulation";
				SDKROOT = macosx;
				SWIFT_EMIT_LOC_STRINGS = YES;
				SWIFT_VERSION = 5.0;
			};
			name = Release;
		};
		A3FA423227B5C3B700ADDF0F /* Debug */ = {
			isa = XCBuildConfiguration;
			buildSettings = {
				ALWAYS_EMBED_SWIFT_STANDARD_LIBRARIES = YES;
				CODE_SIGN_STYLE = Automatic;
				CURRENT_PROJECT_VERSION = 1;
				DEVELOPMENT_TEAM = HZ8BHG3P39;
				GENERATE_INFOPLIST_FILE = YES;
				IPHONEOS_DEPLOYMENT_TARGET = 15.2;
				MARKETING_VERSION = 1.0;
				PRODUCT_BUNDLE_IDENTIFIER = "IIT-PHYS440.Tests-iOS";
				PRODUCT_NAME = "$(TARGET_NAME)";
				SDKROOT = iphoneos;
				SWIFT_EMIT_LOC_STRINGS = NO;
				SWIFT_VERSION = 5.0;
				TARGETED_DEVICE_FAMILY = "1,2";
				TEST_TARGET_NAME = "Shielding Simulation (iOS)";
			};
			name = Debug;
		};
		A3FA423327B5C3B700ADDF0F /* Release */ = {
			isa = XCBuildConfiguration;
			buildSettings = {
				ALWAYS_EMBED_SWIFT_STANDARD_LIBRARIES = YES;
				CODE_SIGN_STYLE = Automatic;
				CURRENT_PROJECT_VERSION = 1;
				DEVELOPMENT_TEAM = HZ8BHG3P39;
				GENERATE_INFOPLIST_FILE = YES;
				IPHONEOS_DEPLOYMENT_TARGET = 15.2;
				MARKETING_VERSION = 1.0;
				PRODUCT_BUNDLE_IDENTIFIER = "IIT-PHYS440.Tests-iOS";
				PRODUCT_NAME = "$(TARGET_NAME)";
				SDKROOT = iphoneos;
				SWIFT_EMIT_LOC_STRINGS = NO;
				SWIFT_VERSION = 5.0;
				TARGETED_DEVICE_FAMILY = "1,2";
				TEST_TARGET_NAME = "Shielding Simulation (iOS)";
				VALIDATE_PRODUCT = YES;
			};
			name = Release;
		};
		A3FA423527B5C3B700ADDF0F /* Debug */ = {
			isa = XCBuildConfiguration;
			buildSettings = {
				ALWAYS_EMBED_SWIFT_STANDARD_LIBRARIES = YES;
				CODE_SIGN_STYLE = Automatic;
				CURRENT_PROJECT_VERSION = 1;
				DEVELOPMENT_TEAM = HZ8BHG3P39;
				GENERATE_INFOPLIST_FILE = YES;
				MACOSX_DEPLOYMENT_TARGET = 12.1;
				MARKETING_VERSION = 1.0;
				PRODUCT_BUNDLE_IDENTIFIER = "IIT-PHYS440.Tests-macOS";
				PRODUCT_NAME = "$(TARGET_NAME)";
				SDKROOT = macosx;
				SWIFT_EMIT_LOC_STRINGS = NO;
				SWIFT_VERSION = 5.0;
				TEST_TARGET_NAME = "Shielding Simulation (macOS)";
			};
			name = Debug;
		};
		A3FA423627B5C3B700ADDF0F /* Release */ = {
			isa = XCBuildConfiguration;
			buildSettings = {
				ALWAYS_EMBED_SWIFT_STANDARD_LIBRARIES = YES;
				CODE_SIGN_STYLE = Automatic;
				CURRENT_PROJECT_VERSION = 1;
				DEVELOPMENT_TEAM = HZ8BHG3P39;
				GENERATE_INFOPLIST_FILE = YES;
				MACOSX_DEPLOYMENT_TARGET = 12.1;
				MARKETING_VERSION = 1.0;
				PRODUCT_BUNDLE_IDENTIFIER = "IIT-PHYS440.Tests-macOS";
				PRODUCT_NAME = "$(TARGET_NAME)";
				SDKROOT = macosx;
				SWIFT_EMIT_LOC_STRINGS = NO;
				SWIFT_VERSION = 5.0;
				TEST_TARGET_NAME = "Shielding Simulation (macOS)";
			};
			name = Release;
		};
/* End XCBuildConfiguration section */

/* Begin XCConfigurationList section */
		A3FA41F927B5C3B300ADDF0F /* Build configuration list for PBXProject "Shielding Simulation" */ = {
			isa = XCConfigurationList;
			buildConfigurations = (
				A3FA422927B5C3B700ADDF0F /* Debug */,
				A3FA422A27B5C3B700ADDF0F /* Release */,
			);
			defaultConfigurationIsVisible = 0;
			defaultConfigurationName = Release;
		};
		A3FA422B27B5C3B700ADDF0F /* Build configuration list for PBXNativeTarget "Shielding Simulation (iOS)" */ = {
			isa = XCConfigurationList;
			buildConfigurations = (
				A3FA422C27B5C3B700ADDF0F /* Debug */,
				A3FA422D27B5C3B700ADDF0F /* Release */,
			);
			defaultConfigurationIsVisible = 0;
			defaultConfigurationName = Release;
		};
		A3FA422E27B5C3B700ADDF0F /* Build configuration list for PBXNativeTarget "Shielding Simulation (macOS)" */ = {
			isa = XCConfigurationList;
			buildConfigurations = (
				A3FA422F27B5C3B700ADDF0F /* Debug */,
				A3FA423027B5C3B700ADDF0F /* Release */,
			);
			defaultConfigurationIsVisible = 0;
			defaultConfigurationName = Release;
		};
		A3FA423127B5C3B700ADDF0F /* Build configuration list for PBXNativeTarget "Tests iOS" */ = {
			isa = XCConfigurationList;
			buildConfigurations = (
				A3FA423227B5C3B700ADDF0F /* Debug */,
				A3FA423327B5C3B700ADDF0F /* Release */,
			);
			defaultConfigurationIsVisible = 0;
			defaultConfigurationName = Release;
		};
		A3FA423427B5C3B700ADDF0F /* Build configuration list for PBXNativeTarget "Tests macOS" */ = {
			isa = XCConfigurationList;
			buildConfigurations = (
				A3FA423527B5C3B700ADDF0F /* Debug */,
				A3FA423627B5C3B700ADDF0F /* Release */,
			);
			defaultConfigurationIsVisible = 0;
			defaultConfigurationName = Release;
		};
/* End XCConfigurationList section */
	};
	rootObject = A3FA41F627B5C3B300ADDF0F /* Project object */;
}
